// !$*UTF8*$!
{
	archiveVersion = 1;
	classes = {
	};
	objectVersion = 53;
	objects = {

/* Begin PBXBuildFile section */
		3A5B7DBE24CC881D0009DF5F /* AppDelegate.swift in Sources */ = {isa = PBXBuildFile; fileRef = 3A5B7DBD24CC881D0009DF5F /* AppDelegate.swift */; };
		3A5B7DC024CC881D0009DF5F /* SceneDelegate.swift in Sources */ = {isa = PBXBuildFile; fileRef = 3A5B7DBF24CC881D0009DF5F /* SceneDelegate.swift */; };
		3A5B7DC224CC881D0009DF5F /* ViewController.swift in Sources */ = {isa = PBXBuildFile; fileRef = 3A5B7DC124CC881D0009DF5F /* ViewController.swift */; };
		3A5B7DC524CC881D0009DF5F /* Main.storyboard in Resources */ = {isa = PBXBuildFile; fileRef = 3A5B7DC324CC881D0009DF5F /* Main.storyboard */; };
		3A5B7DC724CC88830009DF5F /* Assets.xcassets in Resources */ = {isa = PBXBuildFile; fileRef = 3A5B7DC624CC88830009DF5F /* Assets.xcassets */; };
		3A5B7DCA24CC88830009DF5F /* LaunchScreen.storyboard in Resources */ = {isa = PBXBuildFile; fileRef = 3A5B7DC824CC88830009DF5F /* LaunchScreen.storyboard */; };
		3A5B7DD224CCCBD80009DF5F /* Constants.swift in Sources */ = {isa = PBXBuildFile; fileRef = 3A5B7DD124CCCBD80009DF5F /* Constants.swift */; };
		3A5B7DD424CCCFDE0009DF5F /* Video.swift in Sources */ = {isa = PBXBuildFile; fileRef = 3A5B7DD324CCCFDE0009DF5F /* Video.swift */; };
		3A5B7DD624CCD0CE0009DF5F /* Model.swift in Sources */ = {isa = PBXBuildFile; fileRef = 3A5B7DD524CCD0CE0009DF5F /* Model.swift */; };
		3A5B7DD824CCF05F0009DF5F /* Response.swift in Sources */ = {isa = PBXBuildFile; fileRef = 3A5B7DD724CCF05E0009DF5F /* Response.swift */; };
		3A5B7DDA24CDE1270009DF5F /* VideoTableViewCell.swift in Sources */ = {isa = PBXBuildFile; fileRef = 3A5B7DD924CDE1240009DF5F /* VideoTableViewCell.swift */; };
/* End PBXBuildFile section */

/* Begin PBXFileReference section */
		3A5B7DBA24CC881C0009DF5F /* youtube-onedaybuilder.app */ = {isa = PBXFileReference; explicitFileType = wrapper.application; includeInIndex = 0; path = "youtube-onedaybuilder.app"; sourceTree = BUILT_PRODUCTS_DIR; };
		3A5B7DBD24CC881D0009DF5F /* AppDelegate.swift */ = {isa = PBXFileReference; lastKnownFileType = sourcecode.swift; path = AppDelegate.swift; sourceTree = "<group>"; };
		3A5B7DBF24CC881D0009DF5F /* SceneDelegate.swift */ = {isa = PBXFileReference; lastKnownFileType = sourcecode.swift; path = SceneDelegate.swift; sourceTree = "<group>"; };
		3A5B7DC124CC881D0009DF5F /* ViewController.swift */ = {isa = PBXFileReference; lastKnownFileType = sourcecode.swift; path = ViewController.swift; sourceTree = "<group>"; };
		3A5B7DC424CC881D0009DF5F /* Base */ = {isa = PBXFileReference; lastKnownFileType = file.storyboard; name = Base; path = Base.lproj/Main.storyboard; sourceTree = "<group>"; };
		3A5B7DC624CC88830009DF5F /* Assets.xcassets */ = {isa = PBXFileReference; lastKnownFileType = folder.assetcatalog; path = Assets.xcassets; sourceTree = "<group>"; };
		3A5B7DC924CC88830009DF5F /* Base */ = {isa = PBXFileReference; lastKnownFileType = file.storyboard; name = Base; path = Base.lproj/LaunchScreen.storyboard; sourceTree = "<group>"; };
		3A5B7DCB24CC88830009DF5F /* Info.plist */ = {isa = PBXFileReference; lastKnownFileType = text.plist.xml; path = Info.plist; sourceTree = "<group>"; };
		3A5B7DD124CCCBD80009DF5F /* Constants.swift */ = {isa = PBXFileReference; lastKnownFileType = sourcecode.swift; path = Constants.swift; sourceTree = "<group>"; };
		3A5B7DD324CCCFDE0009DF5F /* Video.swift */ = {isa = PBXFileReference; lastKnownFileType = sourcecode.swift; path = Video.swift; sourceTree = "<group>"; };
		3A5B7DD524CCD0CE0009DF5F /* Model.swift */ = {isa = PBXFileReference; lastKnownFileType = sourcecode.swift; path = Model.swift; sourceTree = "<group>"; };
		3A5B7DD724CCF05E0009DF5F /* Response.swift */ = {isa = PBXFileReference; lastKnownFileType = sourcecode.swift; path = Response.swift; sourceTree = "<group>"; };
		3A5B7DD924CDE1240009DF5F /* VideoTableViewCell.swift */ = {isa = PBXFileReference; lastKnownFileType = sourcecode.swift; path = VideoTableViewCell.swift; sourceTree = "<group>"; };
/* End PBXFileReference section */

/* Begin PBXFrameworksBuildPhase section */
		3A5B7DB724CC881B0009DF5F /* Frameworks */ = {
			isa = PBXFrameworksBuildPhase;
			buildActionMask = 2147483647;
			files = (
			);
			runOnlyForDeploymentPostprocessing = 0;
		};
/* End PBXFrameworksBuildPhase section */

/* Begin PBXGroup section */
		3A5B7DB124CC881A0009DF5F = {
			isa = PBXGroup;
			children = (
				3A5B7DBC24CC881C0009DF5F /* youtube-onedaybuilder */,
				3A5B7DBB24CC881C0009DF5F /* Products */,
			);
			sourceTree = "<group>";
		};
		3A5B7DBB24CC881C0009DF5F /* Products */ = {
			isa = PBXGroup;
			children = (
				3A5B7DBA24CC881C0009DF5F /* youtube-onedaybuilder.app */,
			);
			name = Products;
			sourceTree = "<group>";
		};
		3A5B7DBC24CC881C0009DF5F /* youtube-onedaybuilder */ = {
			isa = PBXGroup;
			children = (
				3A5B7DBD24CC881D0009DF5F /* AppDelegate.swift */,
				3A5B7DBF24CC881D0009DF5F /* SceneDelegate.swift */,
				3A5B7DDF24CDE21D0009DF5F /* Helpers */,
				3A5B7DD124CCCBD80009DF5F /* Constants.swift */,
				3A5B7DDE24CDE1FF0009DF5F /* Stortboards */,
				3A5B7DDD24CDE1ED0009DF5F /* Models */,
				3A5B7DDC24CDE1D80009DF5F /* Views */,
				3A5B7DDB24CDE1BD0009DF5F /* View Controllers */,
				3A5B7DC624CC88830009DF5F /* Assets.xcassets */,
				3A5B7DCB24CC88830009DF5F /* Info.plist */,
			);
			path = "youtube-onedaybuilder";
			sourceTree = "<group>";
		};
		3A5B7DDB24CDE1BD0009DF5F /* View Controllers */ = {
			isa = PBXGroup;
			children = (
				3A5B7DC124CC881D0009DF5F /* ViewController.swift */,
			);
			path = "View Controllers";
			sourceTree = "<group>";
		};
		3A5B7DDC24CDE1D80009DF5F /* Views */ = {
			isa = PBXGroup;
			children = (
				3A5B7DD924CDE1240009DF5F /* VideoTableViewCell.swift */,
			);
			path = Views;
			sourceTree = "<group>";
		};
		3A5B7DDD24CDE1ED0009DF5F /* Models */ = {
			isa = PBXGroup;
			children = (
				3A5B7DD324CCCFDE0009DF5F /* Video.swift */,
				3A5B7DD524CCD0CE0009DF5F /* Model.swift */,
				3A5B7DD724CCF05E0009DF5F /* Response.swift */,
			);
			path = Models;
			sourceTree = "<group>";
		};
		3A5B7DDE24CDE1FF0009DF5F /* Stortboards */ = {
			isa = PBXGroup;
			children = (
				3A5B7DC324CC881D0009DF5F /* Main.storyboard */,
				3A5B7DC824CC88830009DF5F /* LaunchScreen.storyboard */,
			);
			path = Stortboards;
			sourceTree = "<group>";
		};
		3A5B7DDF24CDE21D0009DF5F /* Helpers */ = {
			isa = PBXGroup;
			children = (
			);
			path = Helpers;
			sourceTree = "<group>";
		};
/* End PBXGroup section */

/* Begin PBXNativeTarget section */
		3A5B7DB924CC881B0009DF5F /* youtube-onedaybuilder */ = {
			isa = PBXNativeTarget;
			buildConfigurationList = 3A5B7DCE24CC88830009DF5F /* Build configuration list for PBXNativeTarget "youtube-onedaybuilder" */;
			buildPhases = (
				3A5B7DB624CC881B0009DF5F /* Sources */,
				3A5B7DB724CC881B0009DF5F /* Frameworks */,
				3A5B7DB824CC881B0009DF5F /* Resources */,
			);
			buildRules = (
			);
			dependencies = (
			);
			name = "youtube-onedaybuilder";
			productName = "youtube-onedaybuilder";
			productReference = 3A5B7DBA24CC881C0009DF5F /* youtube-onedaybuilder.app */;
			productType = "com.apple.product-type.application";
		};
/* End PBXNativeTarget section */

/* Begin PBXProject section */
		3A5B7DB224CC881A0009DF5F /* Project object */ = {
			isa = PBXProject;
			attributes = {
				LastSwiftUpdateCheck = 1150;
				LastUpgradeCheck = 1150;
				ORGANIZATIONNAME = "Twilight Audio";
				TargetAttributes = {
					3A5B7DB924CC881B0009DF5F = {
						CreatedOnToolsVersion = 11.5;
					};
				};
			};
			buildConfigurationList = 3A5B7DB524CC881A0009DF5F /* Build configuration list for PBXProject "youtube-onedaybuilder" */;
			compatibilityVersion = "Xcode 11.4";
			developmentRegion = en;
			hasScannedForEncodings = 0;
			knownRegions = (
				en,
				Base,
			);
			mainGroup = 3A5B7DB124CC881A0009DF5F;
			productRefGroup = 3A5B7DBB24CC881C0009DF5F /* Products */;
			projectDirPath = "";
			projectRoot = "";
			targets = (
				3A5B7DB924CC881B0009DF5F /* youtube-onedaybuilder */,
			);
		};
/* End PBXProject section */

/* Begin PBXResourcesBuildPhase section */
		3A5B7DB824CC881B0009DF5F /* Resources */ = {
			isa = PBXResourcesBuildPhase;
			buildActionMask = 2147483647;
			files = (
				3A5B7DCA24CC88830009DF5F /* LaunchScreen.storyboard in Resources */,
				3A5B7DC724CC88830009DF5F /* Assets.xcassets in Resources */,
				3A5B7DC524CC881D0009DF5F /* Main.storyboard in Resources */,
			);
			runOnlyForDeploymentPostprocessing = 0;
		};
/* End PBXResourcesBuildPhase section */

/* Begin PBXSourcesBuildPhase section */
		3A5B7DB624CC881B0009DF5F /* Sources */ = {
			isa = PBXSourcesBuildPhase;
			buildActionMask = 2147483647;
			files = (
				3A5B7DC224CC881D0009DF5F /* ViewController.swift in Sources */,
				3A5B7DBE24CC881D0009DF5F /* AppDelegate.swift in Sources */,
				3A5B7DC024CC881D0009DF5F /* SceneDelegate.swift in Sources */,
				3A5B7DD624CCD0CE0009DF5F /* Model.swift in Sources */,
				3A5B7DD224CCCBD80009DF5F /* Constants.swift in Sources */,
				3A5B7DDA24CDE1270009DF5F /* VideoTableViewCell.swift in Sources */,
				3A5B7DD424CCCFDE0009DF5F /* Video.swift in Sources */,
				3A5B7DD824CCF05F0009DF5F /* Response.swift in Sources */,
			);
			runOnlyForDeploymentPostprocessing = 0;
		};
/* End PBXSourcesBuildPhase section */

/* Begin PBXVariantGroup section */
		3A5B7DC324CC881D0009DF5F /* Main.storyboard */ = {
			isa = PBXVariantGroup;
			children = (
				3A5B7DC424CC881D0009DF5F /* Base */,
			);
			name = Main.storyboard;
			sourceTree = "<group>";
		};
		3A5B7DC824CC88830009DF5F /* LaunchScreen.storyboard */ = {
			isa = PBXVariantGroup;
			children = (
				3A5B7DC924CC88830009DF5F /* Base */,
			);
			name = LaunchScreen.storyboard;
			sourceTree = "<group>";
		};
/* End PBXVariantGroup section */

/* Begin XCBuildConfiguration section */
		3A5B7DCC24CC88830009DF5F /* Debug */ = {
			isa = XCBuildConfiguration;
			buildSettings = {
				ALWAYS_SEARCH_USER_PATHS = NO;
				CLANG_ANALYZER_NONNULL = YES;
				CLANG_ANALYZER_NUMBER_OBJECT_CONVERSION = YES_AGGRESSIVE;
				CLANG_CXX_LANGUAGE_STANDARD = "gnu++14";
				CLANG_CXX_LIBRARY = "libc++";
				CLANG_ENABLE_MODULES = YES;
				CLANG_ENABLE_OBJC_ARC = YES;
				CLANG_ENABLE_OBJC_WEAK = YES;
				CLANG_WARN_BLOCK_CAPTURE_AUTORELEASING = YES;
				CLANG_WARN_BOOL_CONVERSION = YES;
				CLANG_WARN_COMMA = YES;
				CLANG_WARN_CONSTANT_CONVERSION = YES;
				CLANG_WARN_DEPRECATED_OBJC_IMPLEMENTATIONS = YES;
				CLANG_WARN_DIRECT_OBJC_ISA_USAGE = YES_ERROR;
				CLANG_WARN_DOCUMENTATION_COMMENTS = YES;
				CLANG_WARN_EMPTY_BODY = YES;
				CLANG_WARN_ENUM_CONVERSION = YES;
				CLANG_WARN_INFINITE_RECURSION = YES;
				CLANG_WARN_INT_CONVERSION = YES;
				CLANG_WARN_NON_LITERAL_NULL_CONVERSION = YES;
				CLANG_WARN_OBJC_IMPLICIT_RETAIN_SELF = YES;
				CLANG_WARN_OBJC_LITERAL_CONVERSION = YES;
				CLANG_WARN_OBJC_ROOT_CLASS = YES_ERROR;
				CLANG_WARN_RANGE_LOOP_ANALYSIS = YES;
				CLANG_WARN_STRICT_PROTOTYPES = YES;
				CLANG_WARN_SUSPICIOUS_MOVE = YES;
				CLANG_WARN_UNGUARDED_AVAILABILITY = YES_AGGRESSIVE;
				CLANG_WARN_UNREACHABLE_CODE = YES;
				CLANG_WARN__DUPLICATE_METHOD_MATCH = YES;
				COPY_PHASE_STRIP = NO;
				DEBUG_INFORMATION_FORMAT = dwarf;
				ENABLE_STRICT_OBJC_MSGSEND = YES;
				ENABLE_TESTABILITY = YES;
				GCC_C_LANGUAGE_STANDARD = gnu11;
				GCC_DYNAMIC_NO_PIC = NO;
				GCC_NO_COMMON_BLOCKS = YES;
				GCC_OPTIMIZATION_LEVEL = 0;
				GCC_PREPROCESSOR_DEFINITIONS = (
					"DEBUG=1",
					"$(inherited)",
				);
				GCC_WARN_64_TO_32_BIT_CONVERSION = YES;
				GCC_WARN_ABOUT_RETURN_TYPE = YES_ERROR;
				GCC_WARN_UNDECLARED_SELECTOR = YES;
				GCC_WARN_UNINITIALIZED_AUTOS = YES_AGGRESSIVE;
				GCC_WARN_UNUSED_FUNCTION = YES;
				GCC_WARN_UNUSED_VARIABLE = YES;
				IPHONEOS_DEPLOYMENT_TARGET = 13.5;
				MTL_ENABLE_DEBUG_INFO = INCLUDE_SOURCE;
				MTL_FAST_MATH = YES;
				ONLY_ACTIVE_ARCH = YES;
				SDKROOT = iphoneos;
				SWIFT_ACTIVE_COMPILATION_CONDITIONS = DEBUG;
				SWIFT_OPTIMIZATION_LEVEL = "-Onone";
			};
			name = Debug;
		};
		3A5B7DCD24CC88830009DF5F /* Release */ = {
			isa = XCBuildConfiguration;
			buildSettings = {
				ALWAYS_SEARCH_USER_PATHS = NO;
				CLANG_ANALYZER_NONNULL = YES;
				CLANG_ANALYZER_NUMBER_OBJECT_CONVERSION = YES_AGGRESSIVE;
				CLANG_CXX_LANGUAGE_STANDARD = "gnu++14";
				CLANG_CXX_LIBRARY = "libc++";
				CLANG_ENABLE_MODULES = YES;
				CLANG_ENABLE_OBJC_ARC = YES;
				CLANG_ENABLE_OBJC_WEAK = YES;
				CLANG_WARN_BLOCK_CAPTURE_AUTORELEASING = YES;
				CLANG_WARN_BOOL_CONVERSION = YES;
				CLANG_WARN_COMMA = YES;
				CLANG_WARN_CONSTANT_CONVERSION = YES;
				CLANG_WARN_DEPRECATED_OBJC_IMPLEMENTATIONS = YES;
				CLANG_WARN_DIRECT_OBJC_ISA_USAGE = YES_ERROR;
				CLANG_WARN_DOCUMENTATION_COMMENTS = YES;
				CLANG_WARN_EMPTY_BODY = YES;
				CLANG_WARN_ENUM_CONVERSION = YES;
				CLANG_WARN_INFINITE_RECURSION = YES;
				CLANG_WARN_INT_CONVERSION = YES;
				CLANG_WARN_NON_LITERAL_NULL_CONVERSION = YES;
				CLANG_WARN_OBJC_IMPLICIT_RETAIN_SELF = YES;
				CLANG_WARN_OBJC_LITERAL_CONVERSION = YES;
				CLANG_WARN_OBJC_ROOT_CLASS = YES_ERROR;
				CLANG_WARN_RANGE_LOOP_ANALYSIS = YES;
				CLANG_WARN_STRICT_PROTOTYPES = YES;
				CLANG_WARN_SUSPICIOUS_MOVE = YES;
				CLANG_WARN_UNGUARDED_AVAILABILITY = YES_AGGRESSIVE;
				CLANG_WARN_UNREACHABLE_CODE = YES;
				CLANG_WARN__DUPLICATE_METHOD_MATCH = YES;
				COPY_PHASE_STRIP = NO;
				DEBUG_INFORMATION_FORMAT = "dwarf-with-dsym";
				ENABLE_NS_ASSERTIONS = NO;
				ENABLE_STRICT_OBJC_MSGSEND = YES;
				GCC_C_LANGUAGE_STANDARD = gnu11;
				GCC_NO_COMMON_BLOCKS = YES;
				GCC_WARN_64_TO_32_BIT_CONVERSION = YES;
				GCC_WARN_ABOUT_RETURN_TYPE = YES_ERROR;
				GCC_WARN_UNDECLARED_SELECTOR = YES;
				GCC_WARN_UNINITIALIZED_AUTOS = YES_AGGRESSIVE;
				GCC_WARN_UNUSED_FUNCTION = YES;
				GCC_WARN_UNUSED_VARIABLE = YES;
				IPHONEOS_DEPLOYMENT_TARGET = 13.5;
				MTL_ENABLE_DEBUG_INFO = NO;
				MTL_FAST_MATH = YES;
				SDKROOT = iphoneos;
				SWIFT_COMPILATION_MODE = wholemodule;
				SWIFT_OPTIMIZATION_LEVEL = "-O";
				VALIDATE_PRODUCT = YES;
			};
			name = Release;
		};
		3A5B7DCF24CC88830009DF5F /* Debug */ = {
			isa = XCBuildConfiguration;
			buildSettings = {
				ASSETCATALOG_COMPILER_APPICON_NAME = AppIcon;
				CODE_SIGN_STYLE = Automatic;
				DEVELOPMENT_TEAM = 7XW8M894RV;
				INFOPLIST_FILE = "youtube-onedaybuilder/Info.plist";
				IPHONEOS_DEPLOYMENT_TARGET = 13.1;
				LD_RUNPATH_SEARCH_PATHS = (
					"$(inherited)",
					"@executable_path/Frameworks",
				);
				PRODUCT_BUNDLE_IDENTIFIER = "com.marciano.youtube-onedaybuilder";
				PRODUCT_NAME = "$(TARGET_NAME)";
				SWIFT_VERSION = 5.0;
				TARGETED_DEVICE_FAMILY = "1,2";
			};
			name = Debug;
		};
		3A5B7DD024CC88830009DF5F /* Release */ = {
			isa = XCBuildConfiguration;
			buildSettings = {
				ASSETCATALOG_COMPILER_APPICON_NAME = AppIcon;
				CODE_SIGN_STYLE = Automatic;
				DEVELOPMENT_TEAM = 7XW8M894RV;
				INFOPLIST_FILE = "youtube-onedaybuilder/Info.plist";
				IPHONEOS_DEPLOYMENT_TARGET = 13.1;
				LD_RUNPATH_SEARCH_PATHS = (
					"$(inherited)",
					"@executable_path/Frameworks",
				);
				PRODUCT_BUNDLE_IDENTIFIER = "com.marciano.youtube-onedaybuilder";
				PRODUCT_NAME = "$(TARGET_NAME)";
				SWIFT_VERSION = 5.0;
				TARGETED_DEVICE_FAMILY = "1,2";
			};
			name = Release;
		};
/* End XCBuildConfiguration section */

/* Begin XCConfigurationList section */
		3A5B7DB524CC881A0009DF5F /* Build configuration list for PBXProject "youtube-onedaybuilder" */ = {
			isa = XCConfigurationList;
			buildConfigurations = (
				3A5B7DCC24CC88830009DF5F /* Debug */,
				3A5B7DCD24CC88830009DF5F /* Release */,
			);
			defaultConfigurationIsVisible = 0;
			defaultConfigurationName = Release;
		};
		3A5B7DCE24CC88830009DF5F /* Build configuration list for PBXNativeTarget "youtube-onedaybuilder" */ = {
			isa = XCConfigurationList;
			buildConfigurations = (
				3A5B7DCF24CC88830009DF5F /* Debug */,
				3A5B7DD024CC88830009DF5F /* Release */,
			);
			defaultConfigurationIsVisible = 0;
			defaultConfigurationName = Release;
		};
/* End XCConfigurationList section */
	};
	rootObject = 3A5B7DB224CC881A0009DF5F /* Project object */;
}
